code.barbellmath.net/barbell-math/smoothbrain-argparse v0.0.0-20250811213603-ef63b4244248 h1:sgp/wj8LKd4qXERNFCE35I59+z9483XDj9/GmqOggvE=
code.barbellmath.net/barbell-math/smoothbrain-argparse v0.0.0-20250811213603-ef63b4244248/go.mod h1:0SiLihDUwUaDX/zG+vGQhZsM1Au2y5t9c9eVI1iU544=
code.barbellmath.net/barbell-math/smoothbrain-bs v0.0.0-20250811213818-866f7411ad2c h1:bzzczp9PD9YhwApGU8bguzz0mlkYLKt5iRNg5sLKA+c=
code.barbellmath.net/barbell-math/smoothbrain-bs v0.0.0-20250811213818-866f7411ad2c/go.mod h1:BFg3zJ/aCHtI131FpH/MKlVUnUMD2r590qPKr0afa2U=
code.barbellmath.net/barbell-math/smoothbrain-cgostructgen v0.0.0-20250811214322-039061cd2ce8 h1:LjzK1wCw5TPnn976rEzTfnVpZO8yzFR+UFTIIs1t/00=
code.barbellmath.net/barbell-math/smoothbrain-cgostructgen v0.0.0-20250811214322-039061cd2ce8/go.mod h1:0GFPzIi2quJdiuLh9LTd7eN7cbMfd3D1x5iW83hjer0=
code.barbellmath.net/barbell-math/smoothbrain-errs v0.0.0-20250811213436-5139845d9b8b h1:lh6kJ2Jotw/nF0F/P+T/OPMNGgffntgo8AITyoUX27A=
code.barbellmath.net/barbell-math/smoothbrain-errs v0.0.0-20250811213436-5139845d9b8b/go.mod h1:xl39MakON/ZLO0+Qfm/wd96GC0W4Gwibwv5OvgcaMrk=
code.barbellmath.net/barbell-math/smoothbrain-logging v0.0.0-20250811213546-a6e8d954cf03 h1:ZCdcT4pQRc5qbWh1lSReM1f8Dum9WnUK6cqPSXQRcUQ=
code.barbellmath.net/barbell-math/smoothbrain-logging v0.0.0-20250811213546-a6e8d954cf03/go.mod h1:l93P9KShx6lgwi4x3KlgoyU6yvsAE69Kpli3h/dhKVc=
code.barbellmath.net/barbell-math/smoothbrain-sqlmigrate v0.0.0-20250811213647-0c8023cef08e h1:4PfrLnZHuvK42F33VT0g00mwG/YPvzaCBDeMKLi2DJw=
code.barbellmath.net/barbell-math/smoothbrain-sqlmigrate v0.0.0-20250811213647-0c8023cef08e/go.mod h1:LGslSkOlpofNUM3W3ND6iFpMtRWKgV/PLlE2ZYQejE0=
code.barbellmath.net/barbell-math/smoothbrain-test v0.0.0-20250811213427-701132c62a3d h1:uJF5wRA0PWW1IXIGJe2Xlcqug/73t5DSQozOwlYclDg=
code.barbellmath.net/barbell-math/smoothbrain-test v0.0.0-20250811213427-701132c62a3d/go.mod h1:fY+Lalh0Io26dpXCQ1ff3lzldlQunEH14pBxVHdXUVA=
github.com/BurntSushi/toml v1.5.0 h1:W5quZX/G/csjUnuI8SUYlsHs9M38FC7znL0lIO+DvMg=
github.com/BurntSushi/toml v1.5.0/go.mod h1:ukJfTF/6rtPPRCnwkur4qwRxa8vTRFBF0uk2lLoLwho=
github.com/davecgh/go-spew v1.1.0/go.mod h1:J7Y8YcW2NihsgmVo/mv3lAwl/skON4iLHjSsI+c5H38=
github.com/davecgh/go-spew v1.1.1 h1:vj9j/u1bqnvCEfJOwUhtlOARqs3+rkHYY13jYWTU97c=
github.com/davecgh/go-spew v1.1.1/go.mod h1:J7Y8YcW2NihsgmVo/mv3lAwl/skON4iLHjSsI+c5H38=
github.com/jackc/pgpassfile v1.0.0 h1:/6Hmqy13Ss2zCq62VdNG8tM1wchn8zjSGOBJ6icpsIM=
github.com/jackc/pgpassfile v1.0.0/go.mod h1:CEx0iS5ambNFdcRtxPj5JhEz+xB6uRky5eyVu/W2HEg=
github.com/jackc/pgservicefile v0.0.0-20240606120523-5a60cdf6a761 h1:iCEnooe7UlwOQYpKFhBabPMi4aNAfoODPEFNiAnClxo=
github.com/jackc/pgservicefile v0.0.0-20240606120523-5a60cdf6a761/go.mod h1:5TJZWKEWniPve33vlWYSoGYefn3gLQRzjfDlhSJ9ZKM=
github.com/jackc/pgx/v5 v5.7.5 h1:JHGfMnQY+IEtGM63d+NGMjoRpysB2JBwDr5fsngwmJs=
github.com/jackc/pgx/v5 v5.7.5/go.mod h1:aruU7o91Tc2q2cFp5h4uP3f6ztExVpyVv88Xl/8Vl8M=
github.com/jackc/puddle/v2 v2.2.2 h1:PR8nw+E/1w0GLuRFSmiioY6UooMp6KJv0/61nB7icHo=
github.com/jackc/puddle/v2 v2.2.2/go.mod h1:vriiEXHvEE654aYKXXjOvZM39qJ0q+azkZFrfEOc3H4=
github.com/pmezard/go-difflib v1.0.0 h1:4DBwDE0NGyQoBHbLQYPwSUPoCMWR5BEzIk/f1lZbAQM=
github.com/pmezard/go-difflib v1.0.0/go.mod h1:iKH77koFhYxTK1pcRnkKkqfTogsbg7gZNVY4sRDYZ/4=
github.com/stretchr/objx v0.1.0/go.mod h1:HFkY916IF+rwdDfMAkV7OtwuqBVzrE8GR6GFx+wExME=
github.com/stretchr/testify v1.3.0/go.mod h1:M5WIy9Dh21IEIfnGCwXGc5bZfKNJtfHm1UVUgZn+9EI=
github.com/stretchr/testify v1.7.0/go.mod h1:6Fq8oRcR53rry900zMqJjRRixrwX3KX962/h/Wwjteg=
github.com/stretchr/testify v1.8.1 h1:w7B6lhMri9wdJUVmEZPGGhZzrYTPvgJArz7wNPgYKsk=
github.com/stretchr/testify v1.8.1/go.mod h1:w2LPCIKwWwSfY2zedu0+kehJoqGctiVI29o6fzry7u4=
golang.org/x/crypto v0.41.0 h1:WKYxWedPGCTVVl5+WHSSrOBT0O8lx32+zxmHxijgXp4=
golang.org/x/crypto v0.41.0/go.mod h1:pO5AFd7FA68rFak7rOAGVuygIISepHftHnr8dr6+sUc=
golang.org/x/exp v0.0.0-20250811191247-51f88131bc50 h1:3yiSh9fhy5/RhCSntf4Sy0Tnx50DmMpQ4MQdKKk4yg4=
golang.org/x/exp v0.0.0-20250811191247-51f88131bc50/go.mod h1:rT6SFzZ7oxADUDx58pcaKFTcZ+inxAa9fTrYx/uVYwg=
golang.org/x/sync v0.16.0 h1:ycBJEhp9p4vXvUZNszeOq0kGTPghopOL8q0fq3vstxw=
golang.org/x/sync v0.16.0/go.mod h1:1dzgHSNfp02xaA81J2MS99Qcpr2w7fw1gpm99rleRqA=
golang.org/x/text v0.28.0 h1:rhazDwis8INMIwQ4tpjLDzUhx6RlXqZNPEM0huQojng=
golang.org/x/text v0.28.0/go.mod h1:U8nCwOR8jO/marOQ0QbDiOngZVEBB7MAiitBuMjXiNU=
gopkg.in/check.v1 v0.0.0-20161208181325-20d25e280405/go.mod h1:Co6ibVJAznAaIkqp8huTwlJQCZ016jof/cbN4VW5Yz0=
gopkg.in/yaml.v3 v3.0.0-20200313102051-9f266ea9e77c/go.mod h1:K4uyk7z7BCEPqu6E+C64Yfv1cQ7kz7rIZviUmN+EgEM=
gopkg.in/yaml.v3 v3.0.1 h1:fxVm/GzAzEWqLHuvctI91KS9hhNmmWOoWu0XTYJS7CA=
gopkg.in/yaml.v3 v3.0.1/go.mod h1:K4uyk7z7BCEPqu6E+C64Yfv1cQ7kz7rIZviUmN+EgEM=
