code.barbellmath.net/carmichaeljr/smoothbrain/sbarena v0.0.0-20260425201130-15b7b12384d9 h1:sa65rMnU7xJzCwbhSsYpJp4FoMMcJ+zLomFV505lXH8=
code.barbellmath.net/carmichaeljr/smoothbrain/sbarena v0.0.0-20260425201130-15b7b12384d9/go.mod h1:tPoxUbK6t+aiOrRM2PK/5POe4JjX8SYlhCklFzSTKmo=
code.barbellmath.net/carmichaeljr/smoothbrain/sbarena v0.0.0-20260426052940-79fa512de894 h1:5Vwyvhk5B2EmFUSVLEKBDg5bqAPWJpyIcyZzg0wUyP0=
code.barbellmath.net/carmichaeljr/smoothbrain/sbarena v0.0.0-20260426052940-79fa512de894/go.mod h1:tPoxUbK6t+aiOrRM2PK/5POe4JjX8SYlhCklFzSTKmo=
code.barbellmath.net/carmichaeljr/smoothbrain/sbargparse v0.0.0-20260425201130-15b7b12384d9 h1:uvOApPl04aWjbL4C5CxZs+g9Y4yDrgbi3OQWyuIhpl8=
code.barbellmath.net/carmichaeljr/smoothbrain/sbargparse v0.0.0-20260425201130-15b7b12384d9/go.mod h1:Q5ls1aalWP9fKTR9ztdYz45bro2hAjjGSTskRmAxumk=
code.barbellmath.net/carmichaeljr/smoothbrain/sbargparse v0.0.0-20260426052940-79fa512de894 h1:uEah879t1qGp7nFcvS/MnxIZ7j09/4JaV3P72bd3qBY=
code.barbellmath.net/carmichaeljr/smoothbrain/sbargparse v0.0.0-20260426052940-79fa512de894/go.mod h1:Q5ls1aalWP9fKTR9ztdYz45bro2hAjjGSTskRmAxumk=
code.barbellmath.net/carmichaeljr/smoothbrain/sbbs v0.0.0-20260425201130-15b7b12384d9 h1:hEXTy3+ne4KXIawzHEthLxo6+9ZG+uRfp0O3gx5cNqU=
code.barbellmath.net/carmichaeljr/smoothbrain/sbbs v0.0.0-20260425201130-15b7b12384d9/go.mod h1:60101FK3FN9RjSRLkacNPVP8FxlARjlDHS/RjmXizwY=
code.barbellmath.net/carmichaeljr/smoothbrain/sbbs v0.0.0-20260426052940-79fa512de894 h1:kOgs5+WG8Ps6oEzX05t1LtP7o9pLhIqrJXnv3WmILr0=
code.barbellmath.net/carmichaeljr/smoothbrain/sbbs v0.0.0-20260426052940-79fa512de894/go.mod h1:60101FK3FN9RjSRLkacNPVP8FxlARjlDHS/RjmXizwY=
code.barbellmath.net/carmichaeljr/smoothbrain/sbcglue v0.0.0-20260425201130-15b7b12384d9 h1:qAqBZ6Vd8Fo9rWEXyYAa7RXgiVKjduxhiKn7zCSqwOA=
code.barbellmath.net/carmichaeljr/smoothbrain/sbcglue v0.0.0-20260425201130-15b7b12384d9/go.mod h1:emQGbVXlGaIGufs751X30NVtGuuBR09qGWZxVH9BeXI=
code.barbellmath.net/carmichaeljr/smoothbrain/sbcglue v0.0.0-20260426052940-79fa512de894 h1:syugEJhN426OyP6bcVNab+VGAMyTTbigV6oi1VJ3R/4=
code.barbellmath.net/carmichaeljr/smoothbrain/sbcglue v0.0.0-20260426052940-79fa512de894/go.mod h1:emQGbVXlGaIGufs751X30NVtGuuBR09qGWZxVH9BeXI=
code.barbellmath.net/carmichaeljr/smoothbrain/sbcsv v0.0.0-20260425201130-15b7b12384d9 h1:mvzyBRT/US20TtTrBeHq8HBEoK4Jbr6dij0HGjg6ii8=
code.barbellmath.net/carmichaeljr/smoothbrain/sbcsv v0.0.0-20260425201130-15b7b12384d9/go.mod h1:lYZ33XzRPFg+j0ZMmnnzhXQYCm4YsEIqMVefCzR7+FU=
code.barbellmath.net/carmichaeljr/smoothbrain/sbcsv v0.0.0-20260426052940-79fa512de894 h1:0RwW7qo/IIhDKlBowbJLRR0QH0cJqkPs4hGBR9PDpuY=
code.barbellmath.net/carmichaeljr/smoothbrain/sbcsv v0.0.0-20260426052940-79fa512de894/go.mod h1:lYZ33XzRPFg+j0ZMmnnzhXQYCm4YsEIqMVefCzR7+FU=
code.barbellmath.net/carmichaeljr/smoothbrain/sberrs v0.0.0-20260425201130-15b7b12384d9 h1:CBxEVAihqhKPYLlDb4kWkwK4k8p/yKm6sonKgXpyJ0s=
code.barbellmath.net/carmichaeljr/smoothbrain/sberrs v0.0.0-20260425201130-15b7b12384d9/go.mod h1:eqq0ydWtevm/gRIiYbYNaFBevXXhXolJDzLZfOyIlIw=
code.barbellmath.net/carmichaeljr/smoothbrain/sberrs v0.0.0-20260426052940-79fa512de894 h1:aE6bC92Qrl2Tua8C61WnDpkan8t1hJthqOuBZF9RdrY=
code.barbellmath.net/carmichaeljr/smoothbrain/sberrs v0.0.0-20260426052940-79fa512de894/go.mod h1:eqq0ydWtevm/gRIiYbYNaFBevXXhXolJDzLZfOyIlIw=
code.barbellmath.net/carmichaeljr/smoothbrain/sbjobqueue v0.0.0-20260425201130-15b7b12384d9 h1:fX6LY1d79yAyHg/lELlOArxd7fz7E8Gr5zzJ0x7UcMk=
code.barbellmath.net/carmichaeljr/smoothbrain/sbjobqueue v0.0.0-20260425201130-15b7b12384d9/go.mod h1:PUvweAO8BzJOx1nTWvpcmXWycxnWyUQ+0fSTc1ajpyA=
code.barbellmath.net/carmichaeljr/smoothbrain/sbjobqueue v0.0.0-20260426052940-79fa512de894 h1:H/1vXyuDRcPnR5f5PutyVxS+GZkr6wWhFcHuogNDGGY=
code.barbellmath.net/carmichaeljr/smoothbrain/sbjobqueue v0.0.0-20260426052940-79fa512de894/go.mod h1:PUvweAO8BzJOx1nTWvpcmXWycxnWyUQ+0fSTc1ajpyA=
code.barbellmath.net/carmichaeljr/smoothbrain/sblog v0.0.0-20260425201130-15b7b12384d9 h1:3QtXUEsZswcmrsPad3vQj8R3WfQE3eB0FPnamqxliEg=
code.barbellmath.net/carmichaeljr/smoothbrain/sblog v0.0.0-20260425201130-15b7b12384d9/go.mod h1:1AT1v0QVV5p+5VNfUnDcrxGVYn2Fn8cGY3E//SPa0ps=
code.barbellmath.net/carmichaeljr/smoothbrain/sblog v0.0.0-20260426052940-79fa512de894 h1:pJi5CN0mhC8yBMG/TptlWk742idNdNizkzj0PIQSk2E=
code.barbellmath.net/carmichaeljr/smoothbrain/sblog v0.0.0-20260426052940-79fa512de894/go.mod h1:1AT1v0QVV5p+5VNfUnDcrxGVYn2Fn8cGY3E//SPa0ps=
code.barbellmath.net/carmichaeljr/smoothbrain/sbsql v0.0.0-20260425201130-15b7b12384d9 h1:e/0mF2DMRx6vh9XE3rIp/M4af7UJ+32EooiQrGd6r6s=
code.barbellmath.net/carmichaeljr/smoothbrain/sbsql v0.0.0-20260425201130-15b7b12384d9/go.mod h1:VZLSINufOTe4Jilw8rtT1wPW/ESYHBafJH/yXoufDx0=
code.barbellmath.net/carmichaeljr/smoothbrain/sbsql v0.0.0-20260426052940-79fa512de894 h1:4gt+H+eq7sF+x6Fm/EcaZgAc/sjcHngrT3vmVPbpdfM=
code.barbellmath.net/carmichaeljr/smoothbrain/sbsql v0.0.0-20260426052940-79fa512de894/go.mod h1:VZLSINufOTe4Jilw8rtT1wPW/ESYHBafJH/yXoufDx0=
code.barbellmath.net/carmichaeljr/smoothbrain/sbtest v0.0.0-20260424222108-7d9274c35131 h1:8kAuBBExpuFn2K+5d6FIUjT/BbEWrgjR4EYiGFn+OX0=
code.barbellmath.net/carmichaeljr/smoothbrain/sbtest v0.0.0-20260424222108-7d9274c35131/go.mod h1:FlOcWlPpHajwDwTyutwAMsHgPquycjRwgAAM/ekhzhc=
github.com/BurntSushi/toml v1.6.0 h1:dRaEfpa2VI55EwlIW72hMRHdWouJeRF7TPYhI+AUQjk=
github.com/BurntSushi/toml v1.6.0/go.mod h1:ukJfTF/6rtPPRCnwkur4qwRxa8vTRFBF0uk2lLoLwho=
github.com/davecgh/go-spew v1.1.0/go.mod h1:J7Y8YcW2NihsgmVo/mv3lAwl/skON4iLHjSsI+c5H38=
github.com/davecgh/go-spew v1.1.1 h1:vj9j/u1bqnvCEfJOwUhtlOARqs3+rkHYY13jYWTU97c=
github.com/davecgh/go-spew v1.1.1/go.mod h1:J7Y8YcW2NihsgmVo/mv3lAwl/skON4iLHjSsI+c5H38=
github.com/jackc/pgpassfile v1.0.0 h1:/6Hmqy13Ss2zCq62VdNG8tM1wchn8zjSGOBJ6icpsIM=
github.com/jackc/pgpassfile v1.0.0/go.mod h1:CEx0iS5ambNFdcRtxPj5JhEz+xB6uRky5eyVu/W2HEg=
github.com/jackc/pgservicefile v0.0.0-20240606120523-5a60cdf6a761 h1:iCEnooe7UlwOQYpKFhBabPMi4aNAfoODPEFNiAnClxo=
github.com/jackc/pgservicefile v0.0.0-20240606120523-5a60cdf6a761/go.mod h1:5TJZWKEWniPve33vlWYSoGYefn3gLQRzjfDlhSJ9ZKM=
github.com/jackc/pgx/v5 v5.9.2 h1:3ZhOzMWnR4yJ+RW1XImIPsD1aNSz4T4fyP7zlQb56hw=
github.com/jackc/pgx/v5 v5.9.2/go.mod h1:mal1tBGAFfLHvZzaYh77YS/eC6IX9OWbRV1QIIM0Jn4=
github.com/jackc/puddle/v2 v2.2.2 h1:PR8nw+E/1w0GLuRFSmiioY6UooMp6KJv0/61nB7icHo=
github.com/jackc/puddle/v2 v2.2.2/go.mod h1:vriiEXHvEE654aYKXXjOvZM39qJ0q+azkZFrfEOc3H4=
github.com/pmezard/go-difflib v1.0.0 h1:4DBwDE0NGyQoBHbLQYPwSUPoCMWR5BEzIk/f1lZbAQM=
github.com/pmezard/go-difflib v1.0.0/go.mod h1:iKH77koFhYxTK1pcRnkKkqfTogsbg7gZNVY4sRDYZ/4=
github.com/stretchr/objx v0.1.0/go.mod h1:HFkY916IF+rwdDfMAkV7OtwuqBVzrE8GR6GFx+wExME=
github.com/stretchr/testify v1.3.0/go.mod h1:M5WIy9Dh21IEIfnGCwXGc5bZfKNJtfHm1UVUgZn+9EI=
github.com/stretchr/testify v1.7.0/go.mod h1:6Fq8oRcR53rry900zMqJjRRixrwX3KX962/h/Wwjteg=
github.com/stretchr/testify v1.11.1 h1:7s2iGBzp5EwR7/aIZr8ao5+dra3wiQyKjjFuvgVKu7U=
github.com/stretchr/testify v1.11.1/go.mod h1:wZwfW3scLgRK+23gO65QZefKpKQRnfz6sD981Nm4B6U=
golang.org/x/exp v0.0.0-20260410095643-746e56fc9e2f h1:W3F4c+6OLc6H2lb//N1q4WpJkhzJCK5J6kUi1NTVXfM=
golang.org/x/exp v0.0.0-20260410095643-746e56fc9e2f/go.mod h1:J1xhfL/vlindoeF/aINzNzt2Bket5bjo9sdOYzOsU80=
golang.org/x/sync v0.20.0 h1:e0PTpb7pjO8GAtTs2dQ6jYa5BWYlMuX047Dco/pItO4=
golang.org/x/sync v0.20.0/go.mod h1:9xrNwdLfx4jkKbNva9FpL6vEN7evnE43NNNJQ2LF3+0=
golang.org/x/text v0.36.0 h1:JfKh3XmcRPqZPKevfXVpI1wXPTqbkE5f7JA92a55Yxg=
golang.org/x/text v0.36.0/go.mod h1:NIdBknypM8iqVmPiuco0Dh6P5Jcdk8lJL0CUebqK164=
gopkg.in/check.v1 v0.0.0-20161208181325-20d25e280405/go.mod h1:Co6ibVJAznAaIkqp8huTwlJQCZ016jof/cbN4VW5Yz0=
gopkg.in/yaml.v3 v3.0.0-20200313102051-9f266ea9e77c/go.mod h1:K4uyk7z7BCEPqu6E+C64Yfv1cQ7kz7rIZviUmN+EgEM=
gopkg.in/yaml.v3 v3.0.1 h1:fxVm/GzAzEWqLHuvctI91KS9hhNmmWOoWu0XTYJS7CA=
gopkg.in/yaml.v3 v3.0.1/go.mod h1:K4uyk7z7BCEPqu6E+C64Yfv1cQ7kz7rIZviUmN+EgEM=
