code.barbellmath.net/barbell-math/smoothbrain-argparse v0.0.0-20251214093131-51ce1b0487fa h1:LaF6CgNnNqpsbl0YDpUqE0Vo4obIE3P0jAEoNNPkOMQ=
code.barbellmath.net/barbell-math/smoothbrain-argparse v0.0.0-20251214093131-51ce1b0487fa/go.mod h1:Twk6vSfEzOasU7GkUXfHW6fT0GnR0Bocjoo/y7uz8i4=
code.barbellmath.net/barbell-math/smoothbrain-bs v0.0.0-20251215024822-7f96e5ae4642 h1:e5jcLgywd/oYsCOsr+beEK5rAsKvf4hzS0b5p9NtfIA=
code.barbellmath.net/barbell-math/smoothbrain-bs v0.0.0-20251215024822-7f96e5ae4642/go.mod h1:BFg3zJ/aCHtI131FpH/MKlVUnUMD2r590qPKr0afa2U=
code.barbellmath.net/barbell-math/smoothbrain-cgoGlue v0.0.0-20251214092157-27bc4b249d31 h1:f2Ed1hs4kkDPTlR7zWzLfDaUxd0g/KHyDGZsfWbV1ds=
code.barbellmath.net/barbell-math/smoothbrain-cgoGlue v0.0.0-20251214092157-27bc4b249d31/go.mod h1:kOVfZh5E/G7KjfenBoSYEwPLyVv9zG7o94c8GQoUXqU=
code.barbellmath.net/barbell-math/smoothbrain-cgoTest v0.0.0-20251214093713-893bb710a8bc h1:GKzKC5UC4AIuBCB/7iBQ/BrxZoavhgHRKduwyVEENQk=
code.barbellmath.net/barbell-math/smoothbrain-cgoTest v0.0.0-20251214093713-893bb710a8bc/go.mod h1:2Ruvzoncpe/I8U9PIx/dD0QQ/lTDjT6p45WM/LIA1H0=
code.barbellmath.net/barbell-math/smoothbrain-csv v0.0.0-20251214092924-4bc2bcdcf726 h1:/JvJHP05sNKGZ2k4RVLbcuIlIMY/KRENFDG8DoD+b1U=
code.barbellmath.net/barbell-math/smoothbrain-csv v0.0.0-20251214092924-4bc2bcdcf726/go.mod h1:odmho/rHPropAwJpLtmJWKEn2g3uPpA5InXOG4YjMr8=
code.barbellmath.net/barbell-math/smoothbrain-errs v0.0.0-20251214092612-fc98d8585e15 h1:eLoGMKNpL5Ylkky3cTOJ7buppgxE7lN/UTt9Mm38QZk=
code.barbellmath.net/barbell-math/smoothbrain-errs v0.0.0-20251214092612-fc98d8585e15/go.mod h1:R8k7/ldgG/w7007p0+UWRgq5EqMYtH5wkXSL/TRhZoE=
code.barbellmath.net/barbell-math/smoothbrain-jobQueue v0.0.0-20251214092757-9b122b518fea h1:YkL8d02cGYIIQh1h6Wl4sD3RCEbtZUMii+O+0eENDpA=
code.barbellmath.net/barbell-math/smoothbrain-jobQueue v0.0.0-20251214092757-9b122b518fea/go.mod h1:Jf5Icpy9nt2WaMBV4vvss7UI92C2yRHXX4plfbadIOQ=
code.barbellmath.net/barbell-math/smoothbrain-logging v0.0.0-20251214091108-38f7f10ecc50 h1:zjpXil4NjlO6K2DVVkVj5j+IRlcrCO6Ug++AVY3kkGk=
code.barbellmath.net/barbell-math/smoothbrain-logging v0.0.0-20251214091108-38f7f10ecc50/go.mod h1:ouTebENuyJUZDDJVUJJhHFo/6CVu0DCI3fhk9X27kvQ=
code.barbellmath.net/barbell-math/smoothbrain-sqlmigrate v0.0.0-20251219074219-9b844eb6a153 h1:T6Z0bM7IEjqWPJIdrx402l2mZdFriooHRbNwOAQ306w=
code.barbellmath.net/barbell-math/smoothbrain-sqlmigrate v0.0.0-20251219074219-9b844eb6a153/go.mod h1:4T5mVAsmYdLP+TFSqX3KT0cS6YwJoD8lUsFKItzxvG8=
code.barbellmath.net/barbell-math/smoothbrain-test v0.0.0-20251219050905-f51a8750587a h1:zJ1FEev5Fsky9jTiegJtWGwCO8XIo7+pld8Zyn3WY3A=
code.barbellmath.net/barbell-math/smoothbrain-test v0.0.0-20251219050905-f51a8750587a/go.mod h1:6ztz7cLNwk+3nisu7g+5oJLSM5VbVIaBLAO2KFLubrM=
github.com/BurntSushi/toml v1.6.0 h1:dRaEfpa2VI55EwlIW72hMRHdWouJeRF7TPYhI+AUQjk=
github.com/BurntSushi/toml v1.6.0/go.mod h1:ukJfTF/6rtPPRCnwkur4qwRxa8vTRFBF0uk2lLoLwho=
github.com/davecgh/go-spew v1.1.0/go.mod h1:J7Y8YcW2NihsgmVo/mv3lAwl/skON4iLHjSsI+c5H38=
github.com/davecgh/go-spew v1.1.1 h1:vj9j/u1bqnvCEfJOwUhtlOARqs3+rkHYY13jYWTU97c=
github.com/davecgh/go-spew v1.1.1/go.mod h1:J7Y8YcW2NihsgmVo/mv3lAwl/skON4iLHjSsI+c5H38=
github.com/jackc/pgpassfile v1.0.0 h1:/6Hmqy13Ss2zCq62VdNG8tM1wchn8zjSGOBJ6icpsIM=
github.com/jackc/pgpassfile v1.0.0/go.mod h1:CEx0iS5ambNFdcRtxPj5JhEz+xB6uRky5eyVu/W2HEg=
github.com/jackc/pgservicefile v0.0.0-20240606120523-5a60cdf6a761 h1:iCEnooe7UlwOQYpKFhBabPMi4aNAfoODPEFNiAnClxo=
github.com/jackc/pgservicefile v0.0.0-20240606120523-5a60cdf6a761/go.mod h1:5TJZWKEWniPve33vlWYSoGYefn3gLQRzjfDlhSJ9ZKM=
github.com/jackc/pgx/v5 v5.7.6 h1:rWQc5FwZSPX58r1OQmkuaNicxdmExaEz5A2DO2hUuTk=
github.com/jackc/pgx/v5 v5.7.6/go.mod h1:aruU7o91Tc2q2cFp5h4uP3f6ztExVpyVv88Xl/8Vl8M=
github.com/jackc/puddle/v2 v2.2.2 h1:PR8nw+E/1w0GLuRFSmiioY6UooMp6KJv0/61nB7icHo=
github.com/jackc/puddle/v2 v2.2.2/go.mod h1:vriiEXHvEE654aYKXXjOvZM39qJ0q+azkZFrfEOc3H4=
github.com/pmezard/go-difflib v1.0.0 h1:4DBwDE0NGyQoBHbLQYPwSUPoCMWR5BEzIk/f1lZbAQM=
github.com/pmezard/go-difflib v1.0.0/go.mod h1:iKH77koFhYxTK1pcRnkKkqfTogsbg7gZNVY4sRDYZ/4=
github.com/stretchr/objx v0.1.0/go.mod h1:HFkY916IF+rwdDfMAkV7OtwuqBVzrE8GR6GFx+wExME=
github.com/stretchr/testify v1.3.0/go.mod h1:M5WIy9Dh21IEIfnGCwXGc5bZfKNJtfHm1UVUgZn+9EI=
github.com/stretchr/testify v1.7.0/go.mod h1:6Fq8oRcR53rry900zMqJjRRixrwX3KX962/h/Wwjteg=
github.com/stretchr/testify v1.8.1 h1:w7B6lhMri9wdJUVmEZPGGhZzrYTPvgJArz7wNPgYKsk=
github.com/stretchr/testify v1.8.1/go.mod h1:w2LPCIKwWwSfY2zedu0+kehJoqGctiVI29o6fzry7u4=
golang.org/x/crypto v0.46.0 h1:cKRW/pmt1pKAfetfu+RCEvjvZkA9RimPbh7bhFjGVBU=
golang.org/x/crypto v0.46.0/go.mod h1:Evb/oLKmMraqjZ2iQTwDwvCtJkczlDuTmdJXoZVzqU0=
golang.org/x/exp v0.0.0-20251209150349-8475f28825e9 h1:MDfG8Cvcqlt9XXrmEiD4epKn7VJHZO84hejP9Jmp0MM=
golang.org/x/exp v0.0.0-20251209150349-8475f28825e9/go.mod h1:EPRbTFwzwjXj9NpYyyrvenVh9Y+GFeEvMNh7Xuz7xgU=
golang.org/x/sync v0.19.0 h1:vV+1eWNmZ5geRlYjzm2adRgW2/mcpevXNg50YZtPCE4=
golang.org/x/sync v0.19.0/go.mod h1:9KTHXmSnoGruLpwFjVSX0lNNA75CykiMECbovNTZqGI=
golang.org/x/text v0.32.0 h1:ZD01bjUt1FQ9WJ0ClOL5vxgxOI/sVCNgX1YtKwcY0mU=
golang.org/x/text v0.32.0/go.mod h1:o/rUWzghvpD5TXrTIBuJU77MTaN0ljMWE47kxGJQ7jY=
gopkg.in/check.v1 v0.0.0-20161208181325-20d25e280405/go.mod h1:Co6ibVJAznAaIkqp8huTwlJQCZ016jof/cbN4VW5Yz0=
gopkg.in/yaml.v3 v3.0.0-20200313102051-9f266ea9e77c/go.mod h1:K4uyk7z7BCEPqu6E+C64Yfv1cQ7kz7rIZviUmN+EgEM=
gopkg.in/yaml.v3 v3.0.1 h1:fxVm/GzAzEWqLHuvctI91KS9hhNmmWOoWu0XTYJS7CA=
gopkg.in/yaml.v3 v3.0.1/go.mod h1:K4uyk7z7BCEPqu6E+C64Yfv1cQ7kz7rIZviUmN+EgEM=
